// !$*UTF8*$!
{
	archiveVersion = 1;
	classes = {
	};
	objectVersion = 46;
	objects = {

/* Begin PBXBuildFile section */
		835F4CC11C17349600F44F05 /* AppDelegate.swift in Sources */ = {isa = PBXBuildFile; fileRef = 835F4CC01C17349600F44F05 /* AppDelegate.swift */; };
		835F4CC31C17349600F44F05 /* ViewController.swift in Sources */ = {isa = PBXBuildFile; fileRef = 835F4CC21C17349600F44F05 /* ViewController.swift */; };
		835F4CC61C17349600F44F05 /* Main.storyboard in Resources */ = {isa = PBXBuildFile; fileRef = 835F4CC41C17349600F44F05 /* Main.storyboard */; };
		835F4CC81C17349600F44F05 /* Assets.xcassets in Resources */ = {isa = PBXBuildFile; fileRef = 835F4CC71C17349600F44F05 /* Assets.xcassets */; };
		835F4CCB1C17349600F44F05 /* LaunchScreen.storyboard in Resources */ = {isa = PBXBuildFile; fileRef = 835F4CC91C17349600F44F05 /* LaunchScreen.storyboard */; };
/* End PBXBuildFile section */

/* Begin PBXFileReference section */
		835F4CBD1C17349600F44F05 /* Swift Font.app */ = {isa = PBXFileReference; explicitFileType = wrapper.application; includeInIndex = 0; path = "Swift Font.app"; sourceTree = BUILT_PRODUCTS_DIR; };
		835F4CC01C17349600F44F05 /* AppDelegate.swift */ = {isa = PBXFileReference; lastKnownFileType = sourcecode.swift; path = AppDelegate.swift; sourceTree = "<group>"; };
		835F4CC21C17349600F44F05 /* ViewController.swift */ = {isa = PBXFileReference; lastKnownFileType = sourcecode.swift; path = ViewController.swift; sourceTree = "<group>"; };
		835F4CC51C17349600F44F05 /* Base */ = {isa = PBXFileReference; lastKnownFileType = file.storyboard; name = Base; path = Base.lproj/Main.storyboard; sourceTree = "<group>"; };
		835F4CC71C17349600F44F05 /* Assets.xcassets */ = {isa = PBXFileReference; lastKnownFileType = folder.assetcatalog; path = Assets.xcassets; sourceTree = "<group>"; };
		835F4CCA1C17349600F44F05 /* Base */ = {isa = PBXFileReference; lastKnownFileType = file.storyboard; name = Base; path = Base.lproj/LaunchScreen.storyboard; sourceTree = "<group>"; };
		835F4CCC1C17349600F44F05 /* Info.plist */ = {isa = PBXFileReference; lastKnownFileType = text.plist.xml; path = Info.plist; sourceTree = "<group>"; };
/* End PBXFileReference section */

/* Begin PBXFrameworksBuildPhase section */
		835F4CBA1C17349600F44F05 /* Frameworks */ = {
			isa = PBXFrameworksBuildPhase;
			buildActionMask = 2147483647;
			files = (
			);
			runOnlyForDeploymentPostprocessing = 0;
		};
/* End PBXFrameworksBuildPhase section */

/* Begin PBXGroup section */
		835F4CB41C17349600F44F05 = {
			isa = PBXGroup;
			children = (
				835F4CBF1C17349600F44F05 /* Swift Font */,
				835F4CBE1C17349600F44F05 /* Products */,
			);
			sourceTree = "<group>";
		};
		835F4CBE1C17349600F44F05 /* Products */ = {
			isa = PBXGroup;
			children = (
				835F4CBD1C17349600F44F05 /* Swift Font.app */,
			);
			name = Products;
			sourceTree = "<group>";
		};
		835F4CBF1C17349600F44F05 /* Swift Font */ = {
			isa = PBXGroup;
			children = (
				835F4CC01C17349600F44F05 /* AppDelegate.swift */,
				835F4CC21C17349600F44F05 /* ViewController.swift */,
				835F4CC41C17349600F44F05 /* Main.storyboard */,
				835F4CC71C17349600F44F05 /* Assets.xcassets */,
				835F4CC91C17349600F44F05 /* LaunchScreen.storyboard */,
				835F4CCC1C17349600F44F05 /* Info.plist */,
			);
			path = "Swift Font";
			sourceTree = "<group>";
		};
/* End PBXGroup section */

/* Begin PBXNativeTarget section */
		835F4CBC1C17349600F44F05 /* Swift Font */ = {
			isa = PBXNativeTarget;
			buildConfigurationList = 835F4CCF1C17349600F44F05 /* Build configuration list for PBXNativeTarget "Swift Font" */;
			buildPhases = (
				835F4CB91C17349600F44F05 /* Sources */,
				835F4CBA1C17349600F44F05 /* Frameworks */,
				835F4CBB1C17349600F44F05 /* Resources */,
			);
			buildRules = (
			);
			dependencies = (
			);
			name = "Swift Font";
			productName = "Swift Font";
			productReference = 835F4CBD1C17349600F44F05 /* Swift Font.app */;
			productType = "com.apple.product-type.application";
		};
/* End PBXNativeTarget section */

/* Begin PBXProject section */
		835F4CB51C17349600F44F05 /* Project object */ = {
			isa = PBXProject;
			attributes = {
				LastSwiftUpdateCheck = 0710;
				LastUpgradeCheck = 0710;
				ORGANIZATIONNAME = test;
				TargetAttributes = {
					835F4CBC1C17349600F44F05 = {
						CreatedOnToolsVersion = 7.1;
					};
				};
			};
			buildConfigurationList = 835F4CB81C17349600F44F05 /* Build configuration list for PBXProject "Swift Font" */;
			compatibilityVersion = "Xcode 3.2";
			developmentRegion = English;
			hasScannedForEncodings = 0;
			knownRegions = (
				en,
				Base,
			);
			mainGroup = 835F4CB41C17349600F44F05;
			productRefGroup = 835F4CBE1C17349600F44F05 /* Products */;
			projectDirPath = "";
			projectRoot = "";
			targets = (
				835F4CBC1C17349600F44F05 /* Swift Font */,
			);
		};
/* End PBXProject section */

/* Begin PBXResourcesBuildPhase section */
		835F4CBB1C17349600F44F05 /* Resources */ = {
			isa = PBXResourcesBuildPhase;
			buildActionMask = 2147483647;
			files = (
				835F4CCB1C17349600F44F05 /* LaunchScreen.storyboard in Resources */,
				835F4CC81C17349600F44F05 /* Assets.xcassets in Resources */,
				835F4CC61C17349600F44F05 /* Main.storyboard in Resources */,
			);
			runOnlyForDeploymentPostprocessing = 0;
		};
/* End PBXResourcesBuildPhase section */

/* Begin PBXSourcesBuildPhase section */
		835F4CB91C17349600F44F05 /* Sources */ = {
			isa = PBXSourcesBuildPhase;
			buildActionMask = 2147483647;
			files = (
				835F4CC31C17349600F44F05 /* ViewController.swift in Sources */,
				835F4CC11C17349600F44F05 /* AppDelegate.swift in Sources */,
			);
			runOnlyForDeploymentPostprocessing = 0;
		};
/* End PBXSourcesBuildPhase section */

/* Begin PBXVariantGroup section */
		835F4CC41C17349600F44F05 /* Main.storyboard */ = {
			isa = PBXVariantGroup;
			children = (
				835F4CC51C17349600F44F05 /* Base */,
			);
			name = Main.storyboard;
			sourceTree = "<group>";
		};
		835F4CC91C17349600F44F05 /* LaunchScreen.storyboard */ = {
			isa = PBXVariantGroup;
			children = (
				835F4CCA1C17349600F44F05 /* Base */,
			);
			name = LaunchScreen.storyboard;
			sourceTree = "<group>";
		};
/* End PBXVariantGroup section */

/* Begin XCBuildConfiguration section */
		835F4CCD1C17349600F44F05 /* Debug */ = {
			isa = XCBuildConfiguration;
			buildSettings = {
				ALWAYS_SEARCH_USER_PATHS = NO;
				CLANG_CXX_LANGUAGE_STANDARD = "gnu++0x";
				CLANG_CXX_LIBRARY = "libc++";
				CLANG_ENABLE_MODULES = YES;
				CLANG_ENABLE_OBJC_ARC = YES;
				CLANG_WARN_BOOL_CONVERSION = YES;
				CLANG_WARN_CONSTANT_CONVERSION = YES;
				CLANG_WARN_DIRECT_OBJC_ISA_USAGE = YES_ERROR;
				CLANG_WARN_EMPTY_BODY = YES;
				CLANG_WARN_ENUM_CONVERSION = YES;
				CLANG_WARN_INT_CONVERSION = YES;
				CLANG_WARN_OBJC_ROOT_CLASS = YES_ERROR;
				CLANG_WARN_UNREACHABLE_CODE = YES;
				CLANG_WARN__DUPLICATE_METHOD_MATCH = YES;
				"CODE_SIGN_IDENTITY[sdk=iphoneos*]" = "iPhone Developer";
				COPY_PHASE_STRIP = NO;
				DEBUG_INFORMATION_FORMAT = dwarf;
				ENABLE_STRICT_OBJC_MSGSEND = YES;
				ENABLE_TESTABILITY = YES;
				GCC_C_LANGUAGE_STANDARD = gnu99;
				GCC_DYNAMIC_NO_PIC = NO;
				GCC_NO_COMMON_BLOCKS = YES;
				GCC_OPTIMIZATION_LEVEL = 0;
				GCC_PREPROCESSOR_DEFINITIONS = (
					"DEBUG=1",
					"$(inherited)",
				);
				GCC_WARN_64_TO_32_BIT_CONVERSION = YES;
				GCC_WARN_ABOUT_RETURN_TYPE = YES_ERROR;
				GCC_WARN_UNDECLARED_SELECTOR = YES;
				GCC_WARN_UNINITIALIZED_AUTOS = YES_AGGRESSIVE;
				GCC_WARN_UNUSED_FUNCTION = YES;
				GCC_WARN_UNUSED_VARIABLE = YES;
				IPHONEOS_DEPLOYMENT_TARGET = 9.1;
				MTL_ENABLE_DEBUG_INFO = YES;
				ONLY_ACTIVE_ARCH = YES;
				SDKROOT = iphoneos;
				SWIFT_OPTIMIZATION_LEVEL = "-Onone";
			};
			name = Debug;
		};
		835F4CCE1C17349600F44F05 /* Release */ = {
			isa = XCBuildConfiguration;
			buildSettings = {
				ALWAYS_SEARCH_USER_PATHS = NO;
				CLANG_CXX_LANGUAGE_STANDARD = "gnu++0x";
				CLANG_CXX_LIBRARY = "libc++";
				CLANG_ENABLE_MODULES = YES;
				CLANG_ENABLE_OBJC_ARC = YES;
				CLANG_WARN_BOOL_CONVERSION = YES;
				CLANG_WARN_CONSTANT_CONVERSION = YES;
				CLANG_WARN_DIRECT_OBJC_ISA_USAGE = YES_ERROR;
				CLANG_WARN_EMPTY_BODY = YES;
				CLANG_WARN_ENUM_CONVERSION = YES;
				CLANG_WARN_INT_CONVERSION = YES;
				CLANG_WARN_OBJC_ROOT_CLASS = YES_ERROR;
				CLANG_WARN_UNREACHABLE_CODE = YES;
				CLANG_WARN__DUPLICATE_METHOD_MATCH = YES;
				"CODE_SIGN_IDENTITY[sdk=iphoneos*]" = "iPhone Developer";
				COPY_PHASE_STRIP = NO;
				DEBUG_INFORMATION_FORMAT = "dwarf-with-dsym";
				ENABLE_NS_ASSERTIONS = NO;
				ENABLE_STRICT_OBJC_MSGSEND = YES;
				GCC_C_LANGUAGE_STANDARD = gnu99;
				GCC_NO_COMMON_BLOCKS = YES;
				GCC_WARN_64_TO_32_BIT_CONVERSION = YES;
				GCC_WARN_ABOUT_RETURN_TYPE = YES_ERROR;
				GCC_WARN_UNDECLARED_SELECTOR = YES;
				GCC_WARN_UNINITIALIZED_AUTOS = YES_AGGRESSIVE;
				GCC_WARN_UNUSED_FUNCTION = YES;
				GCC_WARN_UNUSED_VARIABLE = YES;
				IPHONEOS_DEPLOYMENT_TARGET = 9.1;
				MTL_ENABLE_DEBUG_INFO = NO;
				SDKROOT = iphoneos;
				VALIDATE_PRODUCT = YES;
			};
			name = Release;
		};
		835F4CD01C17349600F44F05 /* Debug */ = {
			isa = XCBuildConfiguration;
			buildSettings = {
				ASSETCATALOG_COMPILER_APPICON_NAME = AppIcon;
				INFOPLIST_FILE = "Swift Font/Info.plist";
				LD_RUNPATH_SEARCH_PATHS = "$(inherited) @executable_path/Frameworks";
				PRODUCT_BUNDLE_IDENTIFIER = "com.slowik.Swift-Font";
				PRODUCT_NAME = "$(TARGET_NAME)";
			};
			name = Debug;
		};
		835F4CD11C17349600F44F05 /* Release */ = {
			isa = XCBuildConfiguration;
			buildSettings = {
				ASSETCATALOG_COMPILER_APPICON_NAME = AppIcon;
				INFOPLIST_FILE = "Swift Font/Info.plist";
				LD_RUNPATH_SEARCH_PATHS = "$(inherited) @executable_path/Frameworks";
				PRODUCT_BUNDLE_IDENTIFIER = "com.slowik.Swift-Font";
				PRODUCT_NAME = "$(TARGET_NAME)";
			};
			name = Release;
		};
/* End XCBuildConfiguration section */

/* Begin XCConfigurationList section */
		835F4CB81C17349600F44F05 /* Build configuration list for PBXProject "Swift Font" */ = {
			isa = XCConfigurationList;
			buildConfigurations = (
				835F4CCD1C17349600F44F05 /* Debug */,
				835F4CCE1C17349600F44F05 /* Release */,
			);
			defaultConfigurationIsVisible = 0;
			defaultConfigurationName = Release;
		};
		835F4CCF1C17349600F44F05 /* Build configuration list for PBXNativeTarget "Swift Font" */ = {
			isa = XCConfigurationList;
			buildConfigurations = (
				835F4CD01C17349600F44F05 /* Debug */,
				835F4CD11C17349600F44F05 /* Release */,
			);
			defaultConfigurationIsVisible = 0;
		};
/* End XCConfigurationList section */
	};
	rootObject = 835F4CB51C17349600F44F05 /* Project object */;
}
